
Microsoft Visual Studio Solution File, Format Version 12.00
Project("{FAE04EC0-301F-11D3-BF4B-00C04F79EFBC}") = "LAB 1", "LAB 1\LAB 1.csproj", "{6F9F4641-3FD4-4073-ABAE-6910A22899FF}"
EndProject
Global
	GlobalSection(SolutionConfigurationPlatforms) = preSolution
		Debug|Any CPU = Debug|Any CPU
		Release|Any CPU = Release|Any CPU
	EndGlobalSection
	GlobalSection(ProjectConfigurationPlatforms) = postSolution
		{6F9F4641-3FD4-4073-ABAE-6910A22899FF}.Debug|Any CPU.ActiveCfg = Debug|Any CPU
		{6F9F4641-3FD4-4073-ABAE-6910A22899FF}.Debug|Any CPU.Build.0 = Debug|Any CPU
		{6F9F4641-3FD4-4073-ABAE-6910A22899FF}.Release|Any CPU.ActiveCfg = Release|Any CPU
		{6F9F4641-3FD4-4073-ABAE-6910A22899FF}.Release|Any CPU.Build.0 = Release|Any CPU
	EndGlobalSection
EndGlobal
